{
  "name": "overlord",
  "version": "1.0.0",
  "lockfileVersion": 2,
  "requires": true,
  "packages": {
    "": {
      "name": "overlord",
      "version": "1.0.0",
      "license": "ISC",
      "dependencies": {
        "taste-test": "^0.1.0"
      }
    },
    "node_modules/cmd-colour": {
      "version": "1.0.0",
      "resolved": "https://registry.npmjs.org/cmd-colour/-/cmd-colour-1.0.0.tgz",
      "integrity": "sha512-oi3GIkTurSnxOsZWuCcd+dCSAfz42UJ5v+Oa0VmLyywqlLlYWUx79zLLs8uPUkTmbD04r5HWgXY+huseSh7zZw=="
    },
    "node_modules/taste-test": {
      "version": "0.1.1",
      "resolved": "https://registry.npmjs.org/taste-test/-/taste-test-0.1.1.tgz",
      "integrity": "sha512-Kf7a9c/SHFqff8hjZtMxWKoeTXsKTwwf7wzX65qEXNnUC6TZUglk5l3SB0uszu8KZ1fmAIRwCLoNspKKHTs4oQ==",
      "dependencies": {
        "cmd-colour": "^1.0.0"
      }
    }
  },
  "dependencies": {
    "cmd-colour": {
      "version": "1.0.0",
      "resolved": "https://registry.npmjs.org/cmd-colour/-/cmd-colour-1.0.0.tgz",
      "integrity": "sha512-oi3GIkTurSnxOsZWuCcd+dCSAfz42UJ5v+Oa0VmLyywqlLlYWUx79zLLs8uPUkTmbD04r5HWgXY+huseSh7zZw=="
    },
    "taste-test": {
      "version": "0.1.1",
      "resolved": "https://registry.npmjs.org/taste-test/-/taste-test-0.1.1.tgz",
      "integrity": "sha512-Kf7a9c/SHFqff8hjZtMxWKoeTXsKTwwf7wzX65qEXNnUC6TZUglk5l3SB0uszu8KZ1fmAIRwCLoNspKKHTs4oQ==",
      "requires": {
        "cmd-colour": "^1.0.0"
      }
    }
  }
}
